{
    "_readme": [
        "This file locks the dependencies of your project to a known state",
        "Read more about it at https://getcomposer.org/doc/01-basic-usage.md#installing-dependencies",
        "This file is @generated automatically"
    ],
    "content-hash": "99c28d716aac8b20a008778fbfcc1b20",
    "packages": [],
    "packages-dev": [
        {
            "name": "sensiolabs-de/deptrac-shim",
            "version": "0.6.0",
            "source": {
                "type": "git",
                "url": "https://github.com/sensiolabs-de/deptrac-shim.git",
                "reference": "12d6c938317f2fdb84e30676830e51ae0953b920"
            },
            "dist": {
                "type": "zip",
                "url": "https://api.github.com/repos/sensiolabs-de/deptrac-shim/zipball/12d6c938317f2fdb84e30676830e51ae0953b920",
                "reference": "12d6c938317f2fdb84e30676830e51ae0953b920",
                "shasum": ""
            },
            "require": {
                "ext-json": "*",
                "ext-tokenizer": "*",
                "ext-zlib": "*",
                "php": "^7.1"
            },
            "replace": {
                "sensiolabs-de/astrunner": "^1.0",
                "sensiolabs-de/deptrac": "self.version"
            },
            "bin": [
                "deptrac"
            ],
            "type": "library",
            "notification-url": "https://packagist.org/downloads/",
            "license": [
                "MIT"
            ],
            "authors": [
                {
                    "name": "Simon Mönch",
                    "email": "simon.moench@sensiolabs.de",
                    "role": "maintainer"
                }
            ],
            "description": "deptrac phar distribution",
            "time": "2019-10-18T14:03:03+00:00"
        }
    ],
    "aliases": [],
    "minimum-stability": "stable",
    "stability-flags": [],
    "prefer-stable": false,
    "prefer-lowest": false,
    "platform": [],
    "platform-dev": []
}
